// !$*UTF8*$!
{
	archiveVersion = 1;
	classes = {
	};
	objectVersion = 50;
	objects = {

/* Begin PBXBuildFile section */
		3613E30425C4B3DA0013AD1F /* GameOfThronesTests in Resources */ = {isa = PBXBuildFile; fileRef = 3613E30325C4B3DA0013AD1F /* GameOfThronesTests */; };
		3615AD8125C4A9B9005F72E2 /* Constants.swift in Sources */ = {isa = PBXBuildFile; fileRef = 3615AD8025C4A9B9005F72E2 /* Constants.swift */; };
		3615AD8425C4AA21005F72E2 /* DetailViewController.swift in Sources */ = {isa = PBXBuildFile; fileRef = 3615AD8225C4AA20005F72E2 /* DetailViewController.swift */; };
		3615AD8525C4AA21005F72E2 /* HousesViewController.swift in Sources */ = {isa = PBXBuildFile; fileRef = 3615AD8325C4AA20005F72E2 /* HousesViewController.swift */; };
		3615AD8725C4AA74005F72E2 /* Main.storyboard in Resources */ = {isa = PBXBuildFile; fileRef = 3615AD8625C4AA74005F72E2 /* Main.storyboard */; };
		3615AD8A25C4AA92005F72E2 /* HouseManager.swift in Sources */ = {isa = PBXBuildFile; fileRef = 3615AD8825C4AA92005F72E2 /* HouseManager.swift */; };
		3615AD8B25C4AA92005F72E2 /* HouseModel.swift in Sources */ = {isa = PBXBuildFile; fileRef = 3615AD8925C4AA92005F72E2 /* HouseModel.swift */; };
		364CE7B625C6CF9000C0F486 /* LoadingCell.swift in Sources */ = {isa = PBXBuildFile; fileRef = 364CE7B525C6CF9000C0F486 /* LoadingCell.swift */; };
		3665F7B525C5F209000786FA /* LoadingCell.xib in Resources */ = {isa = PBXBuildFile; fileRef = 3665F7B325C5F209000786FA /* LoadingCell.xib */; };
		3665F7B625C5F209000786FA /* NothingFoundCell.xib in Resources */ = {isa = PBXBuildFile; fileRef = 3665F7B425C5F209000786FA /* NothingFoundCell.xib */; };
		36D83E2D25BDDD440030A47B /* AppDelegate.swift in Sources */ = {isa = PBXBuildFile; fileRef = 36D83E2C25BDDD440030A47B /* AppDelegate.swift */; };
		36D83E3425BDDD470030A47B /* Assets.xcassets in Resources */ = {isa = PBXBuildFile; fileRef = 36D83E3325BDDD470030A47B /* Assets.xcassets */; };
		36D83E3725BDDD470030A47B /* LaunchScreen.storyboard in Resources */ = {isa = PBXBuildFile; fileRef = 36D83E3525BDDD470030A47B /* LaunchScreen.storyboard */; };
/* End PBXBuildFile section */

/* Begin PBXFileReference section */
		3613E30325C4B3DA0013AD1F /* GameOfThronesTests */ = {isa = PBXFileReference; lastKnownFileType = folder; path = GameOfThronesTests; sourceTree = "<group>"; };
		3615AD8025C4A9B9005F72E2 /* Constants.swift */ = {isa = PBXFileReference; fileEncoding = 4; lastKnownFileType = sourcecode.swift; path = Constants.swift; sourceTree = "<group>"; };
		3615AD8225C4AA20005F72E2 /* DetailViewController.swift */ = {isa = PBXFileReference; fileEncoding = 4; lastKnownFileType = sourcecode.swift; path = DetailViewController.swift; sourceTree = "<group>"; };
		3615AD8325C4AA20005F72E2 /* HousesViewController.swift */ = {isa = PBXFileReference; fileEncoding = 4; lastKnownFileType = sourcecode.swift; path = HousesViewController.swift; sourceTree = "<group>"; };
		3615AD8625C4AA74005F72E2 /* Main.storyboard */ = {isa = PBXFileReference; fileEncoding = 4; lastKnownFileType = file.storyboard; path = Main.storyboard; sourceTree = "<group>"; };
		3615AD8825C4AA92005F72E2 /* HouseManager.swift */ = {isa = PBXFileReference; fileEncoding = 4; lastKnownFileType = sourcecode.swift; path = HouseManager.swift; sourceTree = "<group>"; };
		3615AD8925C4AA92005F72E2 /* HouseModel.swift */ = {isa = PBXFileReference; fileEncoding = 4; lastKnownFileType = sourcecode.swift; path = HouseModel.swift; sourceTree = "<group>"; };
		364CE7B525C6CF9000C0F486 /* LoadingCell.swift */ = {isa = PBXFileReference; fileEncoding = 4; lastKnownFileType = sourcecode.swift; path = LoadingCell.swift; sourceTree = "<group>"; };
		3665F7B325C5F209000786FA /* LoadingCell.xib */ = {isa = PBXFileReference; fileEncoding = 4; lastKnownFileType = file.xib; path = LoadingCell.xib; sourceTree = "<group>"; };
		3665F7B425C5F209000786FA /* NothingFoundCell.xib */ = {isa = PBXFileReference; fileEncoding = 4; lastKnownFileType = file.xib; path = NothingFoundCell.xib; sourceTree = "<group>"; };
		36D83E2925BDDD440030A47B /* GameOfThrones.app */ = {isa = PBXFileReference; explicitFileType = wrapper.application; includeInIndex = 0; path = GameOfThrones.app; sourceTree = BUILT_PRODUCTS_DIR; };
		36D83E2C25BDDD440030A47B /* AppDelegate.swift */ = {isa = PBXFileReference; lastKnownFileType = sourcecode.swift; path = AppDelegate.swift; sourceTree = "<group>"; };
		36D83E3325BDDD470030A47B /* Assets.xcassets */ = {isa = PBXFileReference; lastKnownFileType = folder.assetcatalog; path = Assets.xcassets; sourceTree = "<group>"; };
		36D83E3625BDDD470030A47B /* Base */ = {isa = PBXFileReference; lastKnownFileType = file.storyboard; name = Base; path = Base.lproj/LaunchScreen.storyboard; sourceTree = "<group>"; };
		36D83E3825BDDD470030A47B /* Info.plist */ = {isa = PBXFileReference; lastKnownFileType = text.plist.xml; path = Info.plist; sourceTree = "<group>"; };
/* End PBXFileReference section */

/* Begin PBXFrameworksBuildPhase section */
		36D83E2625BDDD440030A47B /* Frameworks */ = {
			isa = PBXFrameworksBuildPhase;
			buildActionMask = 2147483647;
			files = (
			);
			runOnlyForDeploymentPostprocessing = 0;
		};
/* End PBXFrameworksBuildPhase section */

/* Begin PBXGroup section */
		36A591F325C48655000DBDE4 /* Resources */ = {
			isa = PBXGroup;
			children = (
				3615AD8025C4A9B9005F72E2 /* Constants.swift */,
				36D83E3325BDDD470030A47B /* Assets.xcassets */,
			);
			path = Resources;
			sourceTree = "<group>";
		};
		36A591F425C486F8000DBDE4 /* SupportingFiles */ = {
			isa = PBXGroup;
			children = (
				36D83E3825BDDD470030A47B /* Info.plist */,
			);
			path = SupportingFiles;
			sourceTree = "<group>";
		};
		36A591F525C48716000DBDE4 /* Application */ = {
			isa = PBXGroup;
			children = (
				36D83E2C25BDDD440030A47B /* AppDelegate.swift */,
			);
			path = Application;
			sourceTree = "<group>";
		};
		36D83E2025BDDD430030A47B = {
			isa = PBXGroup;
			children = (
				36D83E2B25BDDD440030A47B /* GameOfThrones */,
				36D83E2A25BDDD440030A47B /* Products */,
				3613E30325C4B3DA0013AD1F /* GameOfThronesTests */,
			);
			sourceTree = "<group>";
		};
		36D83E2A25BDDD440030A47B /* Products */ = {
			isa = PBXGroup;
			children = (
				36D83E2925BDDD440030A47B /* GameOfThrones.app */,
			);
			name = Products;
			sourceTree = "<group>";
		};
		36D83E2B25BDDD440030A47B /* GameOfThrones */ = {
			isa = PBXGroup;
			children = (
				36A591F525C48716000DBDE4 /* Application */,
				36D83E3F25BDDD630030A47B /* Model */,
				36D83E3E25BDDD560030A47B /* View */,
				36D83E4025BDDD9D0030A47B /* Controller */,
				36A591F325C48655000DBDE4 /* Resources */,
				36A591F425C486F8000DBDE4 /* SupportingFiles */,
			);
			path = GameOfThrones;
			sourceTree = "<group>";
		};
		36D83E3E25BDDD560030A47B /* View */ = {
			isa = PBXGroup;
			children = (
				3615AD8625C4AA74005F72E2 /* Main.storyboard */,
				3665F7B325C5F209000786FA /* LoadingCell.xib */,
				3665F7B425C5F209000786FA /* NothingFoundCell.xib */,
				364CE7B525C6CF9000C0F486 /* LoadingCell.swift */,
				36D83E3525BDDD470030A47B /* LaunchScreen.storyboard */,
			);
			path = View;
			sourceTree = "<group>";
		};
		36D83E3F25BDDD630030A47B /* Model */ = {
			isa = PBXGroup;
			children = (
				3615AD8825C4AA92005F72E2 /* HouseManager.swift */,
				3615AD8925C4AA92005F72E2 /* HouseModel.swift */,
			);
			path = Model;
			sourceTree = "<group>";
		};
		36D83E4025BDDD9D0030A47B /* Controller */ = {
			isa = PBXGroup;
			children = (
				3615AD8225C4AA20005F72E2 /* DetailViewController.swift */,
				3615AD8325C4AA20005F72E2 /* HousesViewController.swift */,
			);
			path = Controller;
			sourceTree = "<group>";
		};
/* End PBXGroup section */

/* Begin PBXNativeTarget section */
		36D83E2825BDDD440030A47B /* GameOfThrones */ = {
			isa = PBXNativeTarget;
			buildConfigurationList = 36D83E3B25BDDD470030A47B /* Build configuration list for PBXNativeTarget "GameOfThrones" */;
			buildPhases = (
				36D83E2525BDDD440030A47B /* Sources */,
				36D83E2625BDDD440030A47B /* Frameworks */,
				36D83E2725BDDD440030A47B /* Resources */,
			);
			buildRules = (
			);
			dependencies = (
			);
			name = GameOfThrones;
			productName = GameOfThrones;
			productReference = 36D83E2925BDDD440030A47B /* GameOfThrones.app */;
			productType = "com.apple.product-type.application";
		};
/* End PBXNativeTarget section */

/* Begin PBXProject section */
		36D83E2125BDDD430030A47B /* Project object */ = {
			isa = PBXProject;
			attributes = {
				LastSwiftUpdateCheck = 1020;
				LastUpgradeCheck = 1020;
				TargetAttributes = {
					36D83E2825BDDD440030A47B = {
						CreatedOnToolsVersion = 10.2.1;
					};
				};
			};
			buildConfigurationList = 36D83E2425BDDD430030A47B /* Build configuration list for PBXProject "GameOfThrones" */;
			compatibilityVersion = "Xcode 9.3";
			developmentRegion = en;
			hasScannedForEncodings = 0;
			knownRegions = (
				en,
				Base,
			);
			mainGroup = 36D83E2025BDDD430030A47B;
			productRefGroup = 36D83E2A25BDDD440030A47B /* Products */;
			projectDirPath = "";
			projectRoot = "";
			targets = (
				36D83E2825BDDD440030A47B /* GameOfThrones */,
			);
		};
/* End PBXProject section */

/* Begin PBXResourcesBuildPhase section */
		36D83E2725BDDD440030A47B /* Resources */ = {
			isa = PBXResourcesBuildPhase;
			buildActionMask = 2147483647;
			files = (
				3615AD8725C4AA74005F72E2 /* Main.storyboard in Resources */,
				36D83E3725BDDD470030A47B /* LaunchScreen.storyboard in Resources */,
				3665F7B625C5F209000786FA /* NothingFoundCell.xib in Resources */,
				36D83E3425BDDD470030A47B /* Assets.xcassets in Resources */,
				3665F7B525C5F209000786FA /* LoadingCell.xib in Resources */,
				3613E30425C4B3DA0013AD1F /* GameOfThronesTests in Resources */,
			);
			runOnlyForDeploymentPostprocessing = 0;
		};
/* End PBXResourcesBuildPhase section */

/* Begin PBXSourcesBuildPhase section */
		36D83E2525BDDD440030A47B /* Sources */ = {
			isa = PBXSourcesBuildPhase;
			buildActionMask = 2147483647;
			files = (
				3615AD8525C4AA21005F72E2 /* HousesViewController.swift in Sources */,
				36D83E2D25BDDD440030A47B /* AppDelegate.swift in Sources */,
				3615AD8B25C4AA92005F72E2 /* HouseModel.swift in Sources */,
				3615AD8125C4A9B9005F72E2 /* Constants.swift in Sources */,
				3615AD8A25C4AA92005F72E2 /* HouseManager.swift in Sources */,
				3615AD8425C4AA21005F72E2 /* DetailViewController.swift in Sources */,
				364CE7B625C6CF9000C0F486 /* LoadingCell.swift in Sources */,
			);
			runOnlyForDeploymentPostprocessing = 0;
		};
/* End PBXSourcesBuildPhase section */

/* Begin PBXVariantGroup section */
		36D83E3525BDDD470030A47B /* LaunchScreen.storyboard */ = {
			isa = PBXVariantGroup;
			children = (
				36D83E3625BDDD470030A47B /* Base */,
			);
			name = LaunchScreen.storyboard;
			sourceTree = "<group>";
		};
/* End PBXVariantGroup section */

/* Begin XCBuildConfiguration section */
		36D83E3925BDDD470030A47B /* Debug */ = {
			isa = XCBuildConfiguration;
			buildSettings = {
				ALWAYS_SEARCH_USER_PATHS = NO;
				CLANG_ANALYZER_NONNULL = YES;
				CLANG_ANALYZER_NUMBER_OBJECT_CONVERSION = YES_AGGRESSIVE;
				CLANG_CXX_LANGUAGE_STANDARD = "gnu++14";
				CLANG_CXX_LIBRARY = "libc++";
				CLANG_ENABLE_MODULES = YES;
				CLANG_ENABLE_OBJC_ARC = YES;
				CLANG_ENABLE_OBJC_WEAK = YES;
				CLANG_WARN_BLOCK_CAPTURE_AUTORELEASING = YES;
				CLANG_WARN_BOOL_CONVERSION = YES;
				CLANG_WARN_COMMA = YES;
				CLANG_WARN_CONSTANT_CONVERSION = YES;
				CLANG_WARN_DEPRECATED_OBJC_IMPLEMENTATIONS = YES;
				CLANG_WARN_DIRECT_OBJC_ISA_USAGE = YES_ERROR;
				CLANG_WARN_DOCUMENTATION_COMMENTS = YES;
				CLANG_WARN_EMPTY_BODY = YES;
				CLANG_WARN_ENUM_CONVERSION = YES;
				CLANG_WARN_INFINITE_RECURSION = YES;
				CLANG_WARN_INT_CONVERSION = YES;
				CLANG_WARN_NON_LITERAL_NULL_CONVERSION = YES;
				CLANG_WARN_OBJC_IMPLICIT_RETAIN_SELF = YES;
				CLANG_WARN_OBJC_LITERAL_CONVERSION = YES;
				CLANG_WARN_OBJC_ROOT_CLASS = YES_ERROR;
				CLANG_WARN_RANGE_LOOP_ANALYSIS = YES;
				CLANG_WARN_STRICT_PROTOTYPES = YES;
				CLANG_WARN_SUSPICIOUS_MOVE = YES;
				CLANG_WARN_UNGUARDED_AVAILABILITY = YES_AGGRESSIVE;
				CLANG_WARN_UNREACHABLE_CODE = YES;
				CLANG_WARN__DUPLICATE_METHOD_MATCH = YES;
				CODE_SIGN_IDENTITY = "iPhone Developer";
				COPY_PHASE_STRIP = NO;
				DEBUG_INFORMATION_FORMAT = dwarf;
				ENABLE_STRICT_OBJC_MSGSEND = YES;
				ENABLE_TESTABILITY = YES;
				GCC_C_LANGUAGE_STANDARD = gnu11;
				GCC_DYNAMIC_NO_PIC = NO;
				GCC_NO_COMMON_BLOCKS = YES;
				GCC_OPTIMIZATION_LEVEL = 0;
				GCC_PREPROCESSOR_DEFINITIONS = (
					"DEBUG=1",
					"$(inherited)",
				);
				GCC_WARN_64_TO_32_BIT_CONVERSION = YES;
				GCC_WARN_ABOUT_RETURN_TYPE = YES_ERROR;
				GCC_WARN_UNDECLARED_SELECTOR = YES;
				GCC_WARN_UNINITIALIZED_AUTOS = YES_AGGRESSIVE;
				GCC_WARN_UNUSED_FUNCTION = YES;
				GCC_WARN_UNUSED_VARIABLE = YES;
				IPHONEOS_DEPLOYMENT_TARGET = 12.2;
				MTL_ENABLE_DEBUG_INFO = INCLUDE_SOURCE;
				MTL_FAST_MATH = YES;
				ONLY_ACTIVE_ARCH = YES;
				SDKROOT = iphoneos;
				SWIFT_ACTIVE_COMPILATION_CONDITIONS = DEBUG;
				SWIFT_OPTIMIZATION_LEVEL = "-Onone";
			};
			name = Debug;
		};
		36D83E3A25BDDD470030A47B /* Release */ = {
			isa = XCBuildConfiguration;
			buildSettings = {
				ALWAYS_SEARCH_USER_PATHS = NO;
				CLANG_ANALYZER_NONNULL = YES;
				CLANG_ANALYZER_NUMBER_OBJECT_CONVERSION = YES_AGGRESSIVE;
				CLANG_CXX_LANGUAGE_STANDARD = "gnu++14";
				CLANG_CXX_LIBRARY = "libc++";
				CLANG_ENABLE_MODULES = YES;
				CLANG_ENABLE_OBJC_ARC = YES;
				CLANG_ENABLE_OBJC_WEAK = YES;
				CLANG_WARN_BLOCK_CAPTURE_AUTORELEASING = YES;
				CLANG_WARN_BOOL_CONVERSION = YES;
				CLANG_WARN_COMMA = YES;
				CLANG_WARN_CONSTANT_CONVERSION = YES;
				CLANG_WARN_DEPRECATED_OBJC_IMPLEMENTATIONS = YES;
				CLANG_WARN_DIRECT_OBJC_ISA_USAGE = YES_ERROR;
				CLANG_WARN_DOCUMENTATION_COMMENTS = YES;
				CLANG_WARN_EMPTY_BODY = YES;
				CLANG_WARN_ENUM_CONVERSION = YES;
				CLANG_WARN_INFINITE_RECURSION = YES;
				CLANG_WARN_INT_CONVERSION = YES;
				CLANG_WARN_NON_LITERAL_NULL_CONVERSION = YES;
				CLANG_WARN_OBJC_IMPLICIT_RETAIN_SELF = YES;
				CLANG_WARN_OBJC_LITERAL_CONVERSION = YES;
				CLANG_WARN_OBJC_ROOT_CLASS = YES_ERROR;
				CLANG_WARN_RANGE_LOOP_ANALYSIS = YES;
				CLANG_WARN_STRICT_PROTOTYPES = YES;
				CLANG_WARN_SUSPICIOUS_MOVE = YES;
				CLANG_WARN_UNGUARDED_AVAILABILITY = YES_AGGRESSIVE;
				CLANG_WARN_UNREACHABLE_CODE = YES;
				CLANG_WARN__DUPLICATE_METHOD_MATCH = YES;
				CODE_SIGN_IDENTITY = "iPhone Developer";
				COPY_PHASE_STRIP = NO;
				DEBUG_INFORMATION_FORMAT = "dwarf-with-dsym";
				ENABLE_NS_ASSERTIONS = NO;
				ENABLE_STRICT_OBJC_MSGSEND = YES;
				GCC_C_LANGUAGE_STANDARD = gnu11;
				GCC_NO_COMMON_BLOCKS = YES;
				GCC_WARN_64_TO_32_BIT_CONVERSION = YES;
				GCC_WARN_ABOUT_RETURN_TYPE = YES_ERROR;
				GCC_WARN_UNDECLARED_SELECTOR = YES;
				GCC_WARN_UNINITIALIZED_AUTOS = YES_AGGRESSIVE;
				GCC_WARN_UNUSED_FUNCTION = YES;
				GCC_WARN_UNUSED_VARIABLE = YES;
				IPHONEOS_DEPLOYMENT_TARGET = 12.2;
				MTL_ENABLE_DEBUG_INFO = NO;
				MTL_FAST_MATH = YES;
				SDKROOT = iphoneos;
				SWIFT_COMPILATION_MODE = wholemodule;
				SWIFT_OPTIMIZATION_LEVEL = "-O";
				VALIDATE_PRODUCT = YES;
			};
			name = Release;
		};
		36D83E3C25BDDD470030A47B /* Debug */ = {
			isa = XCBuildConfiguration;
			buildSettings = {
				ASSETCATALOG_COMPILER_APPICON_NAME = AppIcon;
				CODE_SIGN_STYLE = Automatic;
				DEVELOPMENT_TEAM = B3WP3486F4;
				INFOPLIST_FILE = GameOfThrones/SupportingFiles/Info.plist;
				LD_RUNPATH_SEARCH_PATHS = (
					"$(inherited)",
					"@executable_path/Frameworks",
				);
				PRODUCT_BUNDLE_IDENTIFIER = com.CorasCode.GameOfThrones;
				PRODUCT_NAME = "$(TARGET_NAME)";
				SWIFT_VERSION = 5.0;
				TARGETED_DEVICE_FAMILY = "1,2";
			};
			name = Debug;
		};
		36D83E3D25BDDD470030A47B /* Release */ = {
			isa = XCBuildConfiguration;
			buildSettings = {
				ASSETCATALOG_COMPILER_APPICON_NAME = AppIcon;
				CODE_SIGN_STYLE = Automatic;
				DEVELOPMENT_TEAM = B3WP3486F4;
				INFOPLIST_FILE = GameOfThrones/SupportingFiles/Info.plist;
				LD_RUNPATH_SEARCH_PATHS = (
					"$(inherited)",
					"@executable_path/Frameworks",
				);
				PRODUCT_BUNDLE_IDENTIFIER = com.CorasCode.GameOfThrones;
				PRODUCT_NAME = "$(TARGET_NAME)";
				SWIFT_VERSION = 5.0;
				TARGETED_DEVICE_FAMILY = "1,2";
			};
			name = Release;
		};
/* End XCBuildConfiguration section */

/* Begin XCConfigurationList section */
		36D83E2425BDDD430030A47B /* Build configuration list for PBXProject "GameOfThrones" */ = {
			isa = XCConfigurationList;
			buildConfigurations = (
				36D83E3925BDDD470030A47B /* Debug */,
				36D83E3A25BDDD470030A47B /* Release */,
			);
			defaultConfigurationIsVisible = 0;
			defaultConfigurationName = Release;
		};
		36D83E3B25BDDD470030A47B /* Build configuration list for PBXNativeTarget "GameOfThrones" */ = {
			isa = XCConfigurationList;
			buildConfigurations = (
				36D83E3C25BDDD470030A47B /* Debug */,
				36D83E3D25BDDD470030A47B /* Release */,
			);
			defaultConfigurationIsVisible = 0;
			defaultConfigurationName = Release;
		};
/* End XCConfigurationList section */
	};
	rootObject = 36D83E2125BDDD430030A47B /* Project object */;
}
